
Microsoft Visual Studio Solution File, Format Version 12.00
# Visual Studio Version 17
VisualStudioVersion = 17.5.33516.290
MinimumVisualStudioVersion = 10.0.40219.1
Project("{8BC9CEB8-8B4A-11D0-8D11-00A0C91BC942}") = "Problem 26", "Problem 26.vcxproj", "{98E948DF-4E66-4CE9-B97E-60649E9CD32C}"
EndProject
Global
	GlobalSection(SolutionConfigurationPlatforms) = preSolution
		Debug|x64 = Debug|x64
		Debug|x86 = Debug|x86
		Release|x64 = Release|x64
		Release|x86 = Release|x86
	EndGlobalSection
	GlobalSection(ProjectConfigurationPlatforms) = postSolution
		{98E948DF-4E66-4CE9-B97E-60649E9CD32C}.Debug|x64.ActiveCfg = Debug|x64
		{98E948DF-4E66-4CE9-B97E-60649E9CD32C}.Debug|x64.Build.0 = Debug|x64
		{98E948DF-4E66-4CE9-B97E-60649E9CD32C}.Debug|x86.ActiveCfg = Debug|Win32
		{98E948DF-4E66-4CE9-B97E-60649E9CD32C}.Debug|x86.Build.0 = Debug|Win32
		{98E948DF-4E66-4CE9-B97E-60649E9CD32C}.Release|x64.ActiveCfg = Release|x64
		{98E948DF-4E66-4CE9-B97E-60649E9CD32C}.Release|x64.Build.0 = Release|x64
		{98E948DF-4E66-4CE9-B97E-60649E9CD32C}.Release|x86.ActiveCfg = Release|Win32
		{98E948DF-4E66-4CE9-B97E-60649E9CD32C}.Release|x86.Build.0 = Release|Win32
	EndGlobalSection
	GlobalSection(SolutionProperties) = preSolution
		HideSolutionNode = FALSE
	EndGlobalSection
	GlobalSection(ExtensibilityGlobals) = postSolution
		SolutionGuid = {D2CBE03E-4A26-4841-AF94-2CD7BEEECEF5}
	EndGlobalSection
EndGlobal
