
Microsoft Visual Studio Solution File, Format Version 12.00
# Visual Studio Version 17
VisualStudioVersion = 17.5.33516.290
MinimumVisualStudioVersion = 10.0.40219.1
Project("{8BC9CEB8-8B4A-11D0-8D11-00A0C91BC942}") = "Problem 34", "Problem 34.vcxproj", "{92848F4D-70B6-4D40-92C0-F5E943E89930}"
EndProject
Global
	GlobalSection(SolutionConfigurationPlatforms) = preSolution
		Debug|x64 = Debug|x64
		Debug|x86 = Debug|x86
		Release|x64 = Release|x64
		Release|x86 = Release|x86
	EndGlobalSection
	GlobalSection(ProjectConfigurationPlatforms) = postSolution
		{92848F4D-70B6-4D40-92C0-F5E943E89930}.Debug|x64.ActiveCfg = Debug|x64
		{92848F4D-70B6-4D40-92C0-F5E943E89930}.Debug|x64.Build.0 = Debug|x64
		{92848F4D-70B6-4D40-92C0-F5E943E89930}.Debug|x86.ActiveCfg = Debug|Win32
		{92848F4D-70B6-4D40-92C0-F5E943E89930}.Debug|x86.Build.0 = Debug|Win32
		{92848F4D-70B6-4D40-92C0-F5E943E89930}.Release|x64.ActiveCfg = Release|x64
		{92848F4D-70B6-4D40-92C0-F5E943E89930}.Release|x64.Build.0 = Release|x64
		{92848F4D-70B6-4D40-92C0-F5E943E89930}.Release|x86.ActiveCfg = Release|Win32
		{92848F4D-70B6-4D40-92C0-F5E943E89930}.Release|x86.Build.0 = Release|Win32
	EndGlobalSection
	GlobalSection(SolutionProperties) = preSolution
		HideSolutionNode = FALSE
	EndGlobalSection
	GlobalSection(ExtensibilityGlobals) = postSolution
		SolutionGuid = {7D32FBD3-FC06-45DA-AC31-33DB35E9F871}
	EndGlobalSection
EndGlobal
