
Microsoft Visual Studio Solution File, Format Version 12.00
# Visual Studio Version 17
VisualStudioVersion = 17.5.33516.290
MinimumVisualStudioVersion = 10.0.40219.1
Project("{8BC9CEB8-8B4A-11D0-8D11-00A0C91BC942}") = "Problem 33", "Problem 33.vcxproj", "{752234D6-1B67-4333-A6FB-EFB77FF9EFBB}"
EndProject
Global
	GlobalSection(SolutionConfigurationPlatforms) = preSolution
		Debug|x64 = Debug|x64
		Debug|x86 = Debug|x86
		Release|x64 = Release|x64
		Release|x86 = Release|x86
	EndGlobalSection
	GlobalSection(ProjectConfigurationPlatforms) = postSolution
		{752234D6-1B67-4333-A6FB-EFB77FF9EFBB}.Debug|x64.ActiveCfg = Debug|x64
		{752234D6-1B67-4333-A6FB-EFB77FF9EFBB}.Debug|x64.Build.0 = Debug|x64
		{752234D6-1B67-4333-A6FB-EFB77FF9EFBB}.Debug|x86.ActiveCfg = Debug|Win32
		{752234D6-1B67-4333-A6FB-EFB77FF9EFBB}.Debug|x86.Build.0 = Debug|Win32
		{752234D6-1B67-4333-A6FB-EFB77FF9EFBB}.Release|x64.ActiveCfg = Release|x64
		{752234D6-1B67-4333-A6FB-EFB77FF9EFBB}.Release|x64.Build.0 = Release|x64
		{752234D6-1B67-4333-A6FB-EFB77FF9EFBB}.Release|x86.ActiveCfg = Release|Win32
		{752234D6-1B67-4333-A6FB-EFB77FF9EFBB}.Release|x86.Build.0 = Release|Win32
	EndGlobalSection
	GlobalSection(SolutionProperties) = preSolution
		HideSolutionNode = FALSE
	EndGlobalSection
	GlobalSection(ExtensibilityGlobals) = postSolution
		SolutionGuid = {AF5C2695-EBF0-4475-A2FF-577AEB87F731}
	EndGlobalSection
EndGlobal
